
Microsoft Visual Studio Solution File, Format Version 12.00
# Visual Studio Version 17
VisualStudioVersion = 17.1.32210.238
MinimumVisualStudioVersion = 10.0.40219.1
Project("{D954291E-2A0B-460D-934E-DC6B0785DB48}") = "UnoAppExample.Shared", "src\UnoAppExample.Shared\UnoAppExample.Shared.shproj", "{6279C845-92F8-4333-AB99-3D213163593C}"
EndProject
Project("{2150E333-8FDC-42A3-9474-1A3956D46DE8}") = "Platforms", "Platforms", "{B374D58E-2603-445A-BBE1-AE9536EF8672}"
EndProject
Project("{FAE04EC0-301F-11D3-BF4B-00C04F79EFBC}") = "UnoAppExample.Mobile", "src\UnoAppExample.Mobile\UnoAppExample.Mobile.csproj", "{C44026DA-5496-470A-A000-D967FB70D5D5}"
EndProject
Project("{FAE04EC0-301F-11D3-BF4B-00C04F79EFBC}") = "UnoAppExample.UWP", "src\UnoAppExample.UWP\UnoAppExample.UWP.csproj", "{47C8FBD9-8012-4379-B121-95D24DB53375}"
EndProject
Project("{FAE04EC0-301F-11D3-BF4B-00C04F79EFBC}") = "UnoAppExample.Wasm", "src\UnoAppExample.Wasm\UnoAppExample.Wasm.csproj", "{31C47692-D914-4A3F-B5E0-5BC64373F620}"
EndProject
Project("{FAE04EC0-301F-11D3-BF4B-00C04F79EFBC}") = "UnoAppExample.Skia.Wpf.Host", "src\UnoAppExample.Skia.Wpf.Host\UnoAppExample.Skia.Wpf.Host.csproj", "{6D68AC18-844D-4F20-9A56-AFBC43623A21}"
EndProject
Project("{FAE04EC0-301F-11D3-BF4B-00C04F79EFBC}") = "UnoAppExample.Skia.Wpf", "src\UnoAppExample.Skia.Wpf\UnoAppExample.Skia.Wpf.csproj", "{D4983C0E-10E7-4BFF-96F5-550D1542FE40}"
EndProject
Project("{FAE04EC0-301F-11D3-BF4B-00C04F79EFBC}") = "UnoAppExample.Skia.Gtk", "src\UnoAppExample.Skia.Gtk\UnoAppExample.Skia.Gtk.csproj", "{0A89ED64-C163-45BE-9477-C02DE1401B05}"
EndProject
Global
	GlobalSection(SharedMSBuildProjectFiles) = preSolution
		src\UnoAppExample.Shared\UnoAppExample.Shared.projitems*{0a89ed64-c163-45be-9477-c02de1401b05}*SharedItemsImports = 5
		src\UnoAppExample.Shared\UnoAppExample.Shared.projitems*{31c47692-d914-4a3f-b5e0-5bc64373f620}*SharedItemsImports = 5
		src\UnoAppExample.Shared\UnoAppExample.Shared.projitems*{47c8fbd9-8012-4379-b121-95d24db53375}*SharedItemsImports = 4
		src\UnoAppExample.Shared\UnoAppExample.Shared.projitems*{6279c845-92f8-4333-ab99-3d213163593c}*SharedItemsImports = 13
		src\UnoAppExample.Shared\UnoAppExample.Shared.projitems*{c44026da-5496-470a-a000-d967fb70d5d5}*SharedItemsImports = 5
		src\UnoAppExample.Shared\UnoAppExample.Shared.projitems*{d4983c0e-10e7-4bff-96f5-550d1542fe40}*SharedItemsImports = 5
	EndGlobalSection
	GlobalSection(SolutionConfigurationPlatforms) = preSolution
		Debug|Any CPU = Debug|Any CPU
		Debug|ARM = Debug|ARM
		Debug|ARM64 = Debug|ARM64
		Debug|x64 = Debug|x64
		Debug|x86 = Debug|x86
		Release|Any CPU = Release|Any CPU
		Release|ARM = Release|ARM
		Release|ARM64 = Release|ARM64
		Release|x64 = Release|x64
		Release|x86 = Release|x86
	EndGlobalSection
	GlobalSection(ProjectConfigurationPlatforms) = postSolution
		{C44026DA-5496-470A-A000-D967FB70D5D5}.Debug|Any CPU.ActiveCfg = Debug|Any CPU
		{C44026DA-5496-470A-A000-D967FB70D5D5}.Debug|Any CPU.Build.0 = Debug|Any CPU
		{C44026DA-5496-470A-A000-D967FB70D5D5}.Debug|ARM.ActiveCfg = Debug|Any CPU
		{C44026DA-5496-470A-A000-D967FB70D5D5}.Debug|ARM.Build.0 = Debug|Any CPU
		{C44026DA-5496-470A-A000-D967FB70D5D5}.Debug|ARM64.ActiveCfg = Debug|Any CPU
		{C44026DA-5496-470A-A000-D967FB70D5D5}.Debug|ARM64.Build.0 = Debug|Any CPU
		{C44026DA-5496-470A-A000-D967FB70D5D5}.Debug|x64.ActiveCfg = Debug|Any CPU
		{C44026DA-5496-470A-A000-D967FB70D5D5}.Debug|x64.Build.0 = Debug|Any CPU
		{C44026DA-5496-470A-A000-D967FB70D5D5}.Debug|x86.ActiveCfg = Debug|Any CPU
		{C44026DA-5496-470A-A000-D967FB70D5D5}.Debug|x86.Build.0 = Debug|Any CPU
		{C44026DA-5496-470A-A000-D967FB70D5D5}.Release|Any CPU.ActiveCfg = Release|Any CPU
		{C44026DA-5496-470A-A000-D967FB70D5D5}.Release|Any CPU.Build.0 = Release|Any CPU
		{C44026DA-5496-470A-A000-D967FB70D5D5}.Release|ARM.ActiveCfg = Release|Any CPU
		{C44026DA-5496-470A-A000-D967FB70D5D5}.Release|ARM.Build.0 = Release|Any CPU
		{C44026DA-5496-470A-A000-D967FB70D5D5}.Release|ARM64.ActiveCfg = Release|Any CPU
		{C44026DA-5496-470A-A000-D967FB70D5D5}.Release|ARM64.Build.0 = Release|Any CPU
		{C44026DA-5496-470A-A000-D967FB70D5D5}.Release|x64.ActiveCfg = Release|Any CPU
		{C44026DA-5496-470A-A000-D967FB70D5D5}.Release|x64.Build.0 = Release|Any CPU
		{C44026DA-5496-470A-A000-D967FB70D5D5}.Release|x86.ActiveCfg = Release|Any CPU
		{C44026DA-5496-470A-A000-D967FB70D5D5}.Release|x86.Build.0 = Release|Any CPU
		{47C8FBD9-8012-4379-B121-95D24DB53375}.Debug|Any CPU.ActiveCfg = Debug|x64
		{47C8FBD9-8012-4379-B121-95D24DB53375}.Debug|Any CPU.Build.0 = Debug|x64
		{47C8FBD9-8012-4379-B121-95D24DB53375}.Debug|Any CPU.Deploy.0 = Debug|x64
		{47C8FBD9-8012-4379-B121-95D24DB53375}.Debug|ARM.ActiveCfg = Debug|ARM
		{47C8FBD9-8012-4379-B121-95D24DB53375}.Debug|ARM.Build.0 = Debug|ARM
		{47C8FBD9-8012-4379-B121-95D24DB53375}.Debug|ARM.Deploy.0 = Debug|ARM
		{47C8FBD9-8012-4379-B121-95D24DB53375}.Debug|ARM64.ActiveCfg = Debug|ARM64
		{47C8FBD9-8012-4379-B121-95D24DB53375}.Debug|ARM64.Build.0 = Debug|ARM64
		{47C8FBD9-8012-4379-B121-95D24DB53375}.Debug|ARM64.Deploy.0 = Debug|ARM64
		{47C8FBD9-8012-4379-B121-95D24DB53375}.Debug|x64.ActiveCfg = Debug|x64
		{47C8FBD9-8012-4379-B121-95D24DB53375}.Debug|x64.Build.0 = Debug|x64
		{47C8FBD9-8012-4379-B121-95D24DB53375}.Debug|x64.Deploy.0 = Debug|x64
		{47C8FBD9-8012-4379-B121-95D24DB53375}.Debug|x86.ActiveCfg = Debug|x86
		{47C8FBD9-8012-4379-B121-95D24DB53375}.Debug|x86.Build.0 = Debug|x86
		{47C8FBD9-8012-4379-B121-95D24DB53375}.Debug|x86.Deploy.0 = Debug|x86
		{47C8FBD9-8012-4379-B121-95D24DB53375}.Release|Any CPU.ActiveCfg = Release|x64
		{47C8FBD9-8012-4379-B121-95D24DB53375}.Release|Any CPU.Build.0 = Release|x64
		{47C8FBD9-8012-4379-B121-95D24DB53375}.Release|Any CPU.Deploy.0 = Release|x64
		{47C8FBD9-8012-4379-B121-95D24DB53375}.Release|ARM.ActiveCfg = Release|ARM
		{47C8FBD9-8012-4379-B121-95D24DB53375}.Release|ARM.Build.0 = Release|ARM
		{47C8FBD9-8012-4379-B121-95D24DB53375}.Release|ARM.Deploy.0 = Release|ARM
		{47C8FBD9-8012-4379-B121-95D24DB53375}.Release|ARM64.ActiveCfg = Release|ARM64
		{47C8FBD9-8012-4379-B121-95D24DB53375}.Release|ARM64.Build.0 = Release|ARM64
		{47C8FBD9-8012-4379-B121-95D24DB53375}.Release|ARM64.Deploy.0 = Release|ARM64
		{47C8FBD9-8012-4379-B121-95D24DB53375}.Release|x64.ActiveCfg = Release|x64
		{47C8FBD9-8012-4379-B121-95D24DB53375}.Release|x64.Build.0 = Release|x64
		{47C8FBD9-8012-4379-B121-95D24DB53375}.Release|x64.Deploy.0 = Release|x64
		{47C8FBD9-8012-4379-B121-95D24DB53375}.Release|x86.ActiveCfg = Release|x86
		{47C8FBD9-8012-4379-B121-95D24DB53375}.Release|x86.Build.0 = Release|x86
		{47C8FBD9-8012-4379-B121-95D24DB53375}.Release|x86.Deploy.0 = Release|x86
		{31C47692-D914-4A3F-B5E0-5BC64373F620}.Debug|Any CPU.ActiveCfg = Debug|Any CPU
		{31C47692-D914-4A3F-B5E0-5BC64373F620}.Debug|Any CPU.Build.0 = Debug|Any CPU
		{31C47692-D914-4A3F-B5E0-5BC64373F620}.Debug|ARM.ActiveCfg = Debug|Any CPU
		{31C47692-D914-4A3F-B5E0-5BC64373F620}.Debug|ARM.Build.0 = Debug|Any CPU
		{31C47692-D914-4A3F-B5E0-5BC64373F620}.Debug|ARM64.ActiveCfg = Debug|Any CPU
		{31C47692-D914-4A3F-B5E0-5BC64373F620}.Debug|ARM64.Build.0 = Debug|Any CPU
		{31C47692-D914-4A3F-B5E0-5BC64373F620}.Debug|x64.ActiveCfg = Debug|Any CPU
		{31C47692-D914-4A3F-B5E0-5BC64373F620}.Debug|x64.Build.0 = Debug|Any CPU
		{31C47692-D914-4A3F-B5E0-5BC64373F620}.Debug|x86.ActiveCfg = Debug|Any CPU
		{31C47692-D914-4A3F-B5E0-5BC64373F620}.Debug|x86.Build.0 = Debug|Any CPU
		{31C47692-D914-4A3F-B5E0-5BC64373F620}.Release|Any CPU.ActiveCfg = Release|Any CPU
		{31C47692-D914-4A3F-B5E0-5BC64373F620}.Release|Any CPU.Build.0 = Release|Any CPU
		{31C47692-D914-4A3F-B5E0-5BC64373F620}.Release|ARM.ActiveCfg = Release|Any CPU
		{31C47692-D914-4A3F-B5E0-5BC64373F620}.Release|ARM.Build.0 = Release|Any CPU
		{31C47692-D914-4A3F-B5E0-5BC64373F620}.Release|ARM64.ActiveCfg = Release|Any CPU
		{31C47692-D914-4A3F-B5E0-5BC64373F620}.Release|ARM64.Build.0 = Release|Any CPU
		{31C47692-D914-4A3F-B5E0-5BC64373F620}.Release|x64.ActiveCfg = Release|Any CPU
		{31C47692-D914-4A3F-B5E0-5BC64373F620}.Release|x64.Build.0 = Release|Any CPU
		{31C47692-D914-4A3F-B5E0-5BC64373F620}.Release|x86.ActiveCfg = Release|Any CPU
		{31C47692-D914-4A3F-B5E0-5BC64373F620}.Release|x86.Build.0 = Release|Any CPU
		{6D68AC18-844D-4F20-9A56-AFBC43623A21}.Debug|Any CPU.ActiveCfg = Debug|Any CPU
		{6D68AC18-844D-4F20-9A56-AFBC43623A21}.Debug|Any CPU.Build.0 = Debug|Any CPU
		{6D68AC18-844D-4F20-9A56-AFBC43623A21}.Debug|ARM.ActiveCfg = Debug|Any CPU
		{6D68AC18-844D-4F20-9A56-AFBC43623A21}.Debug|ARM.Build.0 = Debug|Any CPU
		{6D68AC18-844D-4F20-9A56-AFBC43623A21}.Debug|ARM64.ActiveCfg = Debug|Any CPU
		{6D68AC18-844D-4F20-9A56-AFBC43623A21}.Debug|ARM64.Build.0 = Debug|Any CPU
		{6D68AC18-844D-4F20-9A56-AFBC43623A21}.Debug|x64.ActiveCfg = Debug|Any CPU
		{6D68AC18-844D-4F20-9A56-AFBC43623A21}.Debug|x64.Build.0 = Debug|Any CPU
		{6D68AC18-844D-4F20-9A56-AFBC43623A21}.Debug|x86.ActiveCfg = Debug|Any CPU
		{6D68AC18-844D-4F20-9A56-AFBC43623A21}.Debug|x86.Build.0 = Debug|Any CPU
		{6D68AC18-844D-4F20-9A56-AFBC43623A21}.Release|Any CPU.ActiveCfg = Release|Any CPU
		{6D68AC18-844D-4F20-9A56-AFBC43623A21}.Release|Any CPU.Build.0 = Release|Any CPU
		{6D68AC18-844D-4F20-9A56-AFBC43623A21}.Release|ARM.ActiveCfg = Release|Any CPU
		{6D68AC18-844D-4F20-9A56-AFBC43623A21}.Release|ARM.Build.0 = Release|Any CPU
		{6D68AC18-844D-4F20-9A56-AFBC43623A21}.Release|ARM64.ActiveCfg = Release|Any CPU
		{6D68AC18-844D-4F20-9A56-AFBC43623A21}.Release|ARM64.Build.0 = Release|Any CPU
		{6D68AC18-844D-4F20-9A56-AFBC43623A21}.Release|x64.ActiveCfg = Release|Any CPU
		{6D68AC18-844D-4F20-9A56-AFBC43623A21}.Release|x64.Build.0 = Release|Any CPU
		{6D68AC18-844D-4F20-9A56-AFBC43623A21}.Release|x86.ActiveCfg = Release|Any CPU
		{6D68AC18-844D-4F20-9A56-AFBC43623A21}.Release|x86.Build.0 = Release|Any CPU
		{D4983C0E-10E7-4BFF-96F5-550D1542FE40}.Debug|Any CPU.ActiveCfg = Debug|Any CPU
		{D4983C0E-10E7-4BFF-96F5-550D1542FE40}.Debug|Any CPU.Build.0 = Debug|Any CPU
		{D4983C0E-10E7-4BFF-96F5-550D1542FE40}.Debug|ARM.ActiveCfg = Debug|Any CPU
		{D4983C0E-10E7-4BFF-96F5-550D1542FE40}.Debug|ARM.Build.0 = Debug|Any CPU
		{D4983C0E-10E7-4BFF-96F5-550D1542FE40}.Debug|ARM64.ActiveCfg = Debug|Any CPU
		{D4983C0E-10E7-4BFF-96F5-550D1542FE40}.Debug|ARM64.Build.0 = Debug|Any CPU
		{D4983C0E-10E7-4BFF-96F5-550D1542FE40}.Debug|x64.ActiveCfg = Debug|Any CPU
		{D4983C0E-10E7-4BFF-96F5-550D1542FE40}.Debug|x64.Build.0 = Debug|Any CPU
		{D4983C0E-10E7-4BFF-96F5-550D1542FE40}.Debug|x86.ActiveCfg = Debug|Any CPU
		{D4983C0E-10E7-4BFF-96F5-550D1542FE40}.Debug|x86.Build.0 = Debug|Any CPU
		{D4983C0E-10E7-4BFF-96F5-550D1542FE40}.Release|Any CPU.ActiveCfg = Release|Any CPU
		{D4983C0E-10E7-4BFF-96F5-550D1542FE40}.Release|Any CPU.Build.0 = Release|Any CPU
		{D4983C0E-10E7-4BFF-96F5-550D1542FE40}.Release|ARM.ActiveCfg = Release|Any CPU
		{D4983C0E-10E7-4BFF-96F5-550D1542FE40}.Release|ARM.Build.0 = Release|Any CPU
		{D4983C0E-10E7-4BFF-96F5-550D1542FE40}.Release|ARM64.ActiveCfg = Release|Any CPU
		{D4983C0E-10E7-4BFF-96F5-550D1542FE40}.Release|ARM64.Build.0 = Release|Any CPU
		{D4983C0E-10E7-4BFF-96F5-550D1542FE40}.Release|x64.ActiveCfg = Release|Any CPU
		{D4983C0E-10E7-4BFF-96F5-550D1542FE40}.Release|x64.Build.0 = Release|Any CPU
		{D4983C0E-10E7-4BFF-96F5-550D1542FE40}.Release|x86.ActiveCfg = Release|Any CPU
		{D4983C0E-10E7-4BFF-96F5-550D1542FE40}.Release|x86.Build.0 = Release|Any CPU
		{0A89ED64-C163-45BE-9477-C02DE1401B05}.Debug|Any CPU.ActiveCfg = Debug|Any CPU
		{0A89ED64-C163-45BE-9477-C02DE1401B05}.Debug|Any CPU.Build.0 = Debug|Any CPU
		{0A89ED64-C163-45BE-9477-C02DE1401B05}.Debug|ARM.ActiveCfg = Debug|Any CPU
		{0A89ED64-C163-45BE-9477-C02DE1401B05}.Debug|ARM.Build.0 = Debug|Any CPU
		{0A89ED64-C163-45BE-9477-C02DE1401B05}.Debug|ARM64.ActiveCfg = Debug|Any CPU
		{0A89ED64-C163-45BE-9477-C02DE1401B05}.Debug|ARM64.Build.0 = Debug|Any CPU
		{0A89ED64-C163-45BE-9477-C02DE1401B05}.Debug|x64.ActiveCfg = Debug|Any CPU
		{0A89ED64-C163-45BE-9477-C02DE1401B05}.Debug|x64.Build.0 = Debug|Any CPU
		{0A89ED64-C163-45BE-9477-C02DE1401B05}.Debug|x86.ActiveCfg = Debug|Any CPU
		{0A89ED64-C163-45BE-9477-C02DE1401B05}.Debug|x86.Build.0 = Debug|Any CPU
		{0A89ED64-C163-45BE-9477-C02DE1401B05}.Release|Any CPU.ActiveCfg = Release|Any CPU
		{0A89ED64-C163-45BE-9477-C02DE1401B05}.Release|Any CPU.Build.0 = Release|Any CPU
		{0A89ED64-C163-45BE-9477-C02DE1401B05}.Release|ARM.ActiveCfg = Release|Any CPU
		{0A89ED64-C163-45BE-9477-C02DE1401B05}.Release|ARM.Build.0 = Release|Any CPU
		{0A89ED64-C163-45BE-9477-C02DE1401B05}.Release|ARM64.ActiveCfg = Release|Any CPU
		{0A89ED64-C163-45BE-9477-C02DE1401B05}.Release|ARM64.Build.0 = Release|Any CPU
		{0A89ED64-C163-45BE-9477-C02DE1401B05}.Release|x64.ActiveCfg = Release|Any CPU
		{0A89ED64-C163-45BE-9477-C02DE1401B05}.Release|x64.Build.0 = Release|Any CPU
		{0A89ED64-C163-45BE-9477-C02DE1401B05}.Release|x86.ActiveCfg = Release|Any CPU
		{0A89ED64-C163-45BE-9477-C02DE1401B05}.Release|x86.Build.0 = Release|Any CPU
	EndGlobalSection
	GlobalSection(SolutionProperties) = preSolution
		HideSolutionNode = FALSE
	EndGlobalSection
	GlobalSection(NestedProjects) = preSolution
		{C44026DA-5496-470A-A000-D967FB70D5D5} = {B374D58E-2603-445A-BBE1-AE9536EF8672}
		{47C8FBD9-8012-4379-B121-95D24DB53375} = {B374D58E-2603-445A-BBE1-AE9536EF8672}
		{31C47692-D914-4A3F-B5E0-5BC64373F620} = {B374D58E-2603-445A-BBE1-AE9536EF8672}
		{6D68AC18-844D-4F20-9A56-AFBC43623A21} = {B374D58E-2603-445A-BBE1-AE9536EF8672}
		{D4983C0E-10E7-4BFF-96F5-550D1542FE40} = {B374D58E-2603-445A-BBE1-AE9536EF8672}
		{0A89ED64-C163-45BE-9477-C02DE1401B05} = {B374D58E-2603-445A-BBE1-AE9536EF8672}
	EndGlobalSection
	GlobalSection(ExtensibilityGlobals) = postSolution
		SolutionGuid = {1AFAD33D-33DD-4CA0-8781-0E44C5A737AE}
	EndGlobalSection
EndGlobal
